
Microsoft Visual Studio Solution File, Format Version 12.00
# Visual Studio Version 17
VisualStudioVersion = 17.11.35303.130
MinimumVisualStudioVersion = 10.0.40219.1
Project("{FAE04EC0-301F-11D3-BF4B-00C04F79EFBC}") = "Flower", "Flower.csproj", "{7594DB59-521A-44CF-BE93-B8222FB468A3}"
EndProject
Global
	GlobalSection(SolutionConfigurationPlatforms) = preSolution
		Debug|Any CPU = Debug|Any CPU
		Release|Any CPU = Release|Any CPU
	EndGlobalSection
	GlobalSection(ProjectConfigurationPlatforms) = postSolution
		{7594DB59-521A-44CF-BE93-B8222FB468A3}.Debug|Any CPU.ActiveCfg = Debug|Any CPU
		{7594DB59-521A-44CF-BE93-B8222FB468A3}.Debug|Any CPU.Build.0 = Debug|Any CPU
		{7594DB59-521A-44CF-BE93-B8222FB468A3}.Release|Any CPU.ActiveCfg = Release|Any CPU
		{7594DB59-521A-44CF-BE93-B8222FB468A3}.Release|Any CPU.Build.0 = Release|Any CPU
	EndGlobalSection
	GlobalSection(SolutionProperties) = preSolution
		HideSolutionNode = FALSE
	EndGlobalSection
	GlobalSection(ExtensibilityGlobals) = postSolution
		SolutionGuid = {AE612C99-69D2-44CE-AE43-6171FEF558EB}
	EndGlobalSection
EndGlobal
